
Microsoft Visual Studio Solution File, Format Version 12.00
# Visual Studio Version 17
VisualStudioVersion = 17.13.35818.85
MinimumVisualStudioVersion = 10.0.40219.1
Project("{FAE04EC0-301F-11D3-BF4B-00C04F79EFBC}") = "InTend-ProductAndShoppingCart", "InTend-ProductAndShoppingCart\InTend-ProductAndShoppingCart.csproj", "{37C71ADF-9876-417C-8EA9-A0F1E577FA85}"
EndProject
Project("{FAE04EC0-301F-11D3-BF4B-00C04F79EFBC}") = "InTend-ProductAndShoppingCart.Data", "InTend-ProductAndShoppingCart.data\InTend-ProductAndShoppingCart.Data.csproj", "{C50C606D-DFCE-448B-98B5-D60E3E98CE88}"
EndProject
Project("{FAE04EC0-301F-11D3-BF4B-00C04F79EFBC}") = "InTend-ProductAndShoppingCart.Business", "InTend-ProductAndShoppingCart.Business\InTend-ProductAndShoppingCart.Business.csproj", "{730EB4AE-1349-4B90-BAC7-00C6F1A77BC3}"
EndProject
Project("{FAE04EC0-301F-11D3-BF4B-00C04F79EFBC}") = "InTend-ProductAndShoppingCart.Common", "InTend-ProductAndShoppingCart.Common\InTend-ProductAndShoppingCart.Common.csproj", "{2FD5933D-7B95-45E3-8997-959058CBA891}"
EndProject
Project("{FAE04EC0-301F-11D3-BF4B-00C04F79EFBC}") = "InTend-ProductAndShoppingCart.Business.Test", "InTend-ProductAndShoppingCart.Business.Test\InTend-ProductAndShoppingCart.Business.Test.csproj", "{FF879DDC-154C-42A1-A033-B077A3638010}"
EndProject
Global
	GlobalSection(SolutionConfigurationPlatforms) = preSolution
		Debug|Any CPU = Debug|Any CPU
		Release|Any CPU = Release|Any CPU
	EndGlobalSection
	GlobalSection(ProjectConfigurationPlatforms) = postSolution
		{37C71ADF-9876-417C-8EA9-A0F1E577FA85}.Debug|Any CPU.ActiveCfg = Debug|Any CPU
		{37C71ADF-9876-417C-8EA9-A0F1E577FA85}.Debug|Any CPU.Build.0 = Debug|Any CPU
		{37C71ADF-9876-417C-8EA9-A0F1E577FA85}.Release|Any CPU.ActiveCfg = Release|Any CPU
		{37C71ADF-9876-417C-8EA9-A0F1E577FA85}.Release|Any CPU.Build.0 = Release|Any CPU
		{C50C606D-DFCE-448B-98B5-D60E3E98CE88}.Debug|Any CPU.ActiveCfg = Debug|Any CPU
		{C50C606D-DFCE-448B-98B5-D60E3E98CE88}.Debug|Any CPU.Build.0 = Debug|Any CPU
		{C50C606D-DFCE-448B-98B5-D60E3E98CE88}.Release|Any CPU.ActiveCfg = Release|Any CPU
		{C50C606D-DFCE-448B-98B5-D60E3E98CE88}.Release|Any CPU.Build.0 = Release|Any CPU
		{730EB4AE-1349-4B90-BAC7-00C6F1A77BC3}.Debug|Any CPU.ActiveCfg = Debug|Any CPU
		{730EB4AE-1349-4B90-BAC7-00C6F1A77BC3}.Debug|Any CPU.Build.0 = Debug|Any CPU
		{730EB4AE-1349-4B90-BAC7-00C6F1A77BC3}.Release|Any CPU.ActiveCfg = Release|Any CPU
		{730EB4AE-1349-4B90-BAC7-00C6F1A77BC3}.Release|Any CPU.Build.0 = Release|Any CPU
		{2FD5933D-7B95-45E3-8997-959058CBA891}.Debug|Any CPU.ActiveCfg = Debug|Any CPU
		{2FD5933D-7B95-45E3-8997-959058CBA891}.Debug|Any CPU.Build.0 = Debug|Any CPU
		{2FD5933D-7B95-45E3-8997-959058CBA891}.Release|Any CPU.ActiveCfg = Release|Any CPU
		{2FD5933D-7B95-45E3-8997-959058CBA891}.Release|Any CPU.Build.0 = Release|Any CPU
		{FF879DDC-154C-42A1-A033-B077A3638010}.Debug|Any CPU.ActiveCfg = Debug|Any CPU
		{FF879DDC-154C-42A1-A033-B077A3638010}.Debug|Any CPU.Build.0 = Debug|Any CPU
		{FF879DDC-154C-42A1-A033-B077A3638010}.Release|Any CPU.ActiveCfg = Release|Any CPU
		{FF879DDC-154C-42A1-A033-B077A3638010}.Release|Any CPU.Build.0 = Release|Any CPU
	EndGlobalSection
	GlobalSection(SolutionProperties) = preSolution
		HideSolutionNode = FALSE
	EndGlobalSection
	GlobalSection(ExtensibilityGlobals) = postSolution
		SolutionGuid = {F74580E2-569B-4F84-9798-B0AC2A649BAF}
	EndGlobalSection
EndGlobal
